
Microsoft Visual Studio Solution File, Format Version 12.00
# Visual Studio Version 17
VisualStudioVersion = 17.10.34928.147
MinimumVisualStudioVersion = 10.0.40219.1
Project("{9A19103F-16F7-4668-BE54-9A1E7A4F7556}") = "Moq.Analyzers", "src\Analyzers\Moq.Analyzers.csproj", "{41ECC571-F586-460A-9BED-23528C8210C4}"
EndProject
Project("{9A19103F-16F7-4668-BE54-9A1E7A4F7556}") = "Moq.Analyzers.Test", "tests\Moq.Analyzers.Test\Moq.Analyzers.Test.csproj", "{D2348836-7129-4BE5-8AE6-D05FC8C28FC1}"
EndProject
Project("{9A19103F-16F7-4668-BE54-9A1E7A4F7556}") = "Moq.Analyzers.Benchmarks", "tests\Moq.Analyzers.Benchmarks\Moq.Analyzers.Benchmarks.csproj", "{11B3412F-456C-452E-94D2-B42D5C52F61C}"
EndProject
Project("{9A19103F-16F7-4668-BE54-9A1E7A4F7556}") = "Moq.CodeFixes", "src\CodeFixes\Moq.CodeFixes.csproj", "{8E99C15C-E80A-49E5-988C-1B5071CE775F}"
EndProject
Project("{2150E333-8FDC-42A3-9474-1A3956D46DE8}") = "tests", "tests", "{013D4F80-9978-45DA-9BB8-6638239355E4}"
EndProject
Project("{9A19103F-16F7-4668-BE54-9A1E7A4F7556}") = "Moq.Analyzers.Test.Analyzers", "tests\Moq.Analyzers.Test.Analyzers\Moq.Analyzers.Test.Analyzers.csproj", "{C68B6F38-838B-4BD9-963D-95779B6F418B}"
EndProject
Project("{9A19103F-16F7-4668-BE54-9A1E7A4F7556}") = "Common", "src\Common\Common.csproj", "{622DB72F-5609-4C08-838D-6937A680094A}"
EndProject
Project("{FAE04EC0-301F-11D3-BF4B-00C04F79EFBC}") = "Moq.Analyzers.Common.Tests", "tests\Moq.Analyzers.Common.Tests\Moq.Analyzers.Common.Tests.csproj", "{71AE51EE-8ADA-438E-BF73-1EE2DBC18BC3}"
EndProject
Global
	GlobalSection(SolutionConfigurationPlatforms) = preSolution
		Debug|Any CPU = Debug|Any CPU
		Release|Any CPU = Release|Any CPU
	EndGlobalSection
	GlobalSection(ProjectConfigurationPlatforms) = postSolution
		{41ECC571-F586-460A-9BED-23528C8210C4}.Debug|Any CPU.ActiveCfg = Debug|Any CPU
		{41ECC571-F586-460A-9BED-23528C8210C4}.Debug|Any CPU.Build.0 = Debug|Any CPU
		{41ECC571-F586-460A-9BED-23528C8210C4}.Release|Any CPU.ActiveCfg = Release|Any CPU
		{41ECC571-F586-460A-9BED-23528C8210C4}.Release|Any CPU.Build.0 = Release|Any CPU
		{D2348836-7129-4BE5-8AE6-D05FC8C28FC1}.Debug|Any CPU.ActiveCfg = Debug|Any CPU
		{D2348836-7129-4BE5-8AE6-D05FC8C28FC1}.Debug|Any CPU.Build.0 = Debug|Any CPU
		{D2348836-7129-4BE5-8AE6-D05FC8C28FC1}.Release|Any CPU.ActiveCfg = Release|Any CPU
		{D2348836-7129-4BE5-8AE6-D05FC8C28FC1}.Release|Any CPU.Build.0 = Release|Any CPU
		{11B3412F-456C-452E-94D2-B42D5C52F61C}.Debug|Any CPU.ActiveCfg = Debug|Any CPU
		{11B3412F-456C-452E-94D2-B42D5C52F61C}.Debug|Any CPU.Build.0 = Debug|Any CPU
		{11B3412F-456C-452E-94D2-B42D5C52F61C}.Release|Any CPU.ActiveCfg = Release|Any CPU
		{11B3412F-456C-452E-94D2-B42D5C52F61C}.Release|Any CPU.Build.0 = Release|Any CPU
		{8E99C15C-E80A-49E5-988C-1B5071CE775F}.Debug|Any CPU.ActiveCfg = Debug|Any CPU
		{8E99C15C-E80A-49E5-988C-1B5071CE775F}.Debug|Any CPU.Build.0 = Debug|Any CPU
		{8E99C15C-E80A-49E5-988C-1B5071CE775F}.Release|Any CPU.ActiveCfg = Release|Any CPU
		{8E99C15C-E80A-49E5-988C-1B5071CE775F}.Release|Any CPU.Build.0 = Release|Any CPU
		{C68B6F38-838B-4BD9-963D-95779B6F418B}.Debug|Any CPU.ActiveCfg = Debug|Any CPU
		{C68B6F38-838B-4BD9-963D-95779B6F418B}.Debug|Any CPU.Build.0 = Debug|Any CPU
		{C68B6F38-838B-4BD9-963D-95779B6F418B}.Release|Any CPU.ActiveCfg = Release|Any CPU
		{C68B6F38-838B-4BD9-963D-95779B6F418B}.Release|Any CPU.Build.0 = Release|Any CPU
		{622DB72F-5609-4C08-838D-6937A680094A}.Debug|Any CPU.ActiveCfg = Debug|Any CPU
		{622DB72F-5609-4C08-838D-6937A680094A}.Debug|Any CPU.Build.0 = Debug|Any CPU
		{622DB72F-5609-4C08-838D-6937A680094A}.Release|Any CPU.ActiveCfg = Release|Any CPU
		{622DB72F-5609-4C08-838D-6937A680094A}.Release|Any CPU.Build.0 = Release|Any CPU
		{71AE51EE-8ADA-438E-BF73-1EE2DBC18BC3}.Debug|Any CPU.ActiveCfg = Debug|Any CPU
		{71AE51EE-8ADA-438E-BF73-1EE2DBC18BC3}.Debug|Any CPU.Build.0 = Debug|Any CPU
		{71AE51EE-8ADA-438E-BF73-1EE2DBC18BC3}.Release|Any CPU.ActiveCfg = Release|Any CPU
		{71AE51EE-8ADA-438E-BF73-1EE2DBC18BC3}.Release|Any CPU.Build.0 = Release|Any CPU
	EndGlobalSection
	GlobalSection(SolutionProperties) = preSolution
		HideSolutionNode = FALSE
	EndGlobalSection
	GlobalSection(NestedProjects) = preSolution
		{D2348836-7129-4BE5-8AE6-D05FC8C28FC1} = {013D4F80-9978-45DA-9BB8-6638239355E4}
		{11B3412F-456C-452E-94D2-B42D5C52F61C} = {013D4F80-9978-45DA-9BB8-6638239355E4}
		{C68B6F38-838B-4BD9-963D-95779B6F418B} = {013D4F80-9978-45DA-9BB8-6638239355E4}
		{71AE51EE-8ADA-438E-BF73-1EE2DBC18BC3} = {013D4F80-9978-45DA-9BB8-6638239355E4}
	EndGlobalSection
	GlobalSection(ExtensibilityGlobals) = postSolution
		SolutionGuid = {8C917BC1-C0DE-4A46-BEE8-32FD66B447B1}
	EndGlobalSection
	GlobalSection(SharedMSBuildProjectFiles) = preSolution
		src\Common\Common.projitems*{41ecc571-f586-460a-9bed-23528c8210c4}*SharedItemsImports = 5
		src\Common\Common.projitems*{622db72f-5609-4c08-838d-6937a680094a}*SharedItemsImports = 5
		src\Common\Common.projitems*{71ae51ee-8ada-438e-bf73-1ee2dbc18bc3}*SharedItemsImports = 5
		src\Common\Common.projitems*{8e99c15c-e80a-49e5-988c-1b5071ce775f}*SharedItemsImports = 5
	EndGlobalSection
EndGlobal
